
Microsoft Visual Studio Solution File, Format Version 12.00
# Visual Studio Version 17
VisualStudioVersion = 17.9.34622.214
MinimumVisualStudioVersion = 10.0.40219.1
Project("{FAE04EC0-301F-11D3-BF4B-00C04F79EFBC}") = "ToblickaDat", "ToblickaDat\ToblickaDat.csproj", "{06921B8E-5F05-40BC-8C5E-25F1B9AACE94}"
EndProject
Global
	GlobalSection(SolutionConfigurationPlatforms) = preSolution
		Debug|Any CPU = Debug|Any CPU
		Release|Any CPU = Release|Any CPU
	EndGlobalSection
	GlobalSection(ProjectConfigurationPlatforms) = postSolution
		{06921B8E-5F05-40BC-8C5E-25F1B9AACE94}.Debug|Any CPU.ActiveCfg = Debug|Any CPU
		{06921B8E-5F05-40BC-8C5E-25F1B9AACE94}.Debug|Any CPU.Build.0 = Debug|Any CPU
		{06921B8E-5F05-40BC-8C5E-25F1B9AACE94}.Release|Any CPU.ActiveCfg = Release|Any CPU
		{06921B8E-5F05-40BC-8C5E-25F1B9AACE94}.Release|Any CPU.Build.0 = Release|Any CPU
	EndGlobalSection
	GlobalSection(SolutionProperties) = preSolution
		HideSolutionNode = FALSE
	EndGlobalSection
	GlobalSection(ExtensibilityGlobals) = postSolution
		SolutionGuid = {68789D47-251A-4440-B68E-8642B7BBABB0}
	EndGlobalSection
EndGlobal
