
Microsoft Visual Studio Solution File, Format Version 12.00
# Visual Studio Version 17
VisualStudioVersion = 17.9.34622.214
MinimumVisualStudioVersion = 10.0.40219.1
Project("{FAE04EC0-301F-11D3-BF4B-00C04F79EFBC}") = "Compost", "Compost\Compost.csproj", "{1EB286F5-5E4B-4A28-94AA-1ECC756DCC2F}"
EndProject
Global
	GlobalSection(SolutionConfigurationPlatforms) = preSolution
		Debug|Any CPU = Debug|Any CPU
		Release|Any CPU = Release|Any CPU
	EndGlobalSection
	GlobalSection(ProjectConfigurationPlatforms) = postSolution
		{1EB286F5-5E4B-4A28-94AA-1ECC756DCC2F}.Debug|Any CPU.ActiveCfg = Debug|Any CPU
		{1EB286F5-5E4B-4A28-94AA-1ECC756DCC2F}.Debug|Any CPU.Build.0 = Debug|Any CPU
		{1EB286F5-5E4B-4A28-94AA-1ECC756DCC2F}.Release|Any CPU.ActiveCfg = Release|Any CPU
		{1EB286F5-5E4B-4A28-94AA-1ECC756DCC2F}.Release|Any CPU.Build.0 = Release|Any CPU
	EndGlobalSection
	GlobalSection(SolutionProperties) = preSolution
		HideSolutionNode = FALSE
	EndGlobalSection
	GlobalSection(ExtensibilityGlobals) = postSolution
		SolutionGuid = {CB39E4CB-2562-4C28-87BD-51B1CA96D3D3}
	EndGlobalSection
EndGlobal
